{
    "_meta": {
        "hash": {
            "sha256": "b22c5a2c8ed4ff225b400925a8a3228269bf490a4a3e1f38f5b3bddb52f341dd"
        },
        "pipfile-spec": 6,
        "requires": {
            "python_version": "3.8"
        },
        "sources": [
            {
                "name": "pypi",
                "url": "https://pypi.org/simple",
                "verify_ssl": true
            }
        ]
    },
    "default": {
        "cloudpickle": {
            "hashes": [
                "sha256:38af54d0e7705d87a287bdefe1df00f936aadb1f629dca383e825cca927fa753",
                "sha256:8664761f810efc07dbb301459e413c99b68fcc6d8703912bd39d86618ac631e3"
            ],
            "version": "==1.3.0"
        },
        "future": {
            "hashes": [
                "sha256:34a17436ed1e96697a86f9de3d15a3b0be01d8bc8de9c1dffd59fb8234ed5307"
            ],
            "markers": "python_version >= '2.6' and python_version not in '3.0, 3.1, 3.2, 3.3'",
            "version": "==0.18.3"
        },
        "gym": {
            "hashes": [
                "sha256:bb495aa56995b01274a2213423bf5ba05b8f4fd51c6dc61e9d4abddd1189718e"
            ],
            "index": "pypi",
            "version": "==0.17.2"
        },
        "importlib-resources": {
            "hashes": [
                "sha256:19f745a6eca188b490b1428c8d1d4a0d2368759f32370ea8fb89cad2ab1106c3",
                "sha256:d028f66b66c0d5732dae86ba4276999855e162a749c92620a38c1d779ed138a7"
            ],
            "index": "pypi",
            "version": "==3.0.0"
        },
        "numpy": {
            "hashes": [
                "sha256:04640dab83f7c6c85abf9cd729c5b65f1ebd0ccf9de90b270cd61935eef0197f",
                "sha256:1452241c290f3e2a312c137a9999cdbf63f78864d63c79039bda65ee86943f61",
                "sha256:222e40d0e2548690405b0b3c7b21d1169117391c2e82c378467ef9ab4c8f0da7",
                "sha256:2541312fbf09977f3b3ad449c4e5f4bb55d0dbf79226d7724211acc905049400",
                "sha256:31f13e25b4e304632a4619d0e0777662c2ffea99fcae2029556b17d8ff958aef",
                "sha256:4602244f345453db537be5314d3983dbf5834a9701b7723ec28923e2889e0bb2",
                "sha256:4979217d7de511a8d57f4b4b5b2b965f707768440c17cb70fbf254c4b225238d",
                "sha256:4c21decb6ea94057331e111a5bed9a79d335658c27ce2adb580fb4d54f2ad9bc",
                "sha256:6620c0acd41dbcb368610bb2f4d83145674040025e5536954782467100aa8835",
                "sha256:692f2e0f55794943c5bfff12b3f56f99af76f902fc47487bdfe97856de51a706",
                "sha256:7215847ce88a85ce39baf9e89070cb860c98fdddacbaa6c0da3ffb31b3350bd5",
                "sha256:79fc682a374c4a8ed08b331bef9c5f582585d1048fa6d80bc6c35bc384eee9b4",
                "sha256:7ffe43c74893dbf38c2b0a1f5428760a1a9c98285553c89e12d70a96a7f3a4d6",
                "sha256:80f5e3a4e498641401868df4208b74581206afbee7cf7b8329daae82676d9463",
                "sha256:95f7ac6540e95bc440ad77f56e520da5bf877f87dca58bd095288dce8940532a",
                "sha256:9667575fb6d13c95f1b36aca12c5ee3356bf001b714fc354eb5465ce1609e62f",
                "sha256:a5425b114831d1e77e4b5d812b69d11d962e104095a5b9c3b641a218abcc050e",
                "sha256:b4bea75e47d9586d31e892a7401f76e909712a0fd510f58f5337bea9572c571e",
                "sha256:b7b1fc9864d7d39e28f41d089bfd6353cb5f27ecd9905348c24187a768c79694",
                "sha256:befe2bf740fd8373cf56149a5c23a0f601e82869598d41f8e188a0e9869926f8",
                "sha256:c0bfb52d2169d58c1cdb8cc1f16989101639b34c7d3ce60ed70b19c63eba0b64",
                "sha256:d11efb4dbecbdf22508d55e48d9c8384db795e1b7b51ea735289ff96613ff74d",
                "sha256:dd80e219fd4c71fc3699fc1dadac5dcf4fd882bfc6f7ec53d30fa197b8ee22dc",
                "sha256:e2926dac25b313635e4d6cf4dc4e51c8c0ebfed60b801c799ffc4c32bf3d1254",
                "sha256:e98f220aa76ca2a977fe435f5b04d7b3470c0a2e6312907b37ba6068f26787f2",
                "sha256:ed094d4f0c177b1b8e7aa9cba7d6ceed51c0e569a5318ac0ca9a090680a6a1b1",
                "sha256:f136bab9c2cfd8da131132c2cf6cc27331dd6fae65f95f69dcd4ae3c3639c810",
                "sha256:f3a86ed21e4f87050382c7bc96571755193c4c1392490744ac73d660e8f564a9"
            ],
            "markers": "python_version >= '3.8'",
            "version": "==1.24.4"
        },
        "pyglet": {
            "hashes": [
                "sha256:6ea918985feddfa9bf0fcc01ffe9ff5849e7b6e832d9b2e03b9d2a36369cb6ee",
                "sha256:a42f599ebd0dc8113563041c402ae09be05cdcbc643bb1183785141ba3c3304e"
            ],
            "version": "==1.5.0"
        },
        "scipy": {
            "hashes": [
                "sha256:0490dc499fe23e4be35b8b6dd1e60a4a34f0c4adb30ac671e6332446b3cbbb5a",
                "sha256:0ab2a58064836632e2cec31ca197d3695c86b066bc4818052b3f5381bfd2a728",
                "sha256:151f066fe7d6653c3ffefd489497b8fa66d7316e3e0d0c0f7ff6acca1b802809",
                "sha256:16ba05d3d1b9f2141004f3f36888e05894a525960b07f4c2bfc0456b955a00be",
                "sha256:27e548276b5a88b51212b61f6dda49a24acf5d770dff940bd372b3f7ced8c6c2",
                "sha256:2ad449db4e0820e4b42baccefc98ec772ad7818dcbc9e28b85aa05a536b0f1a2",
                "sha256:2f9ea0a37aca111a407cb98aa4e8dfde6e5d9333bae06dfa5d938d14c80bb5c3",
                "sha256:38bfbd18dcc69eeb589811e77fae552fa923067fdfbb2e171c9eac749885f210",
                "sha256:3afcbddb4488ac950ce1147e7580178b333a29cd43524c689b2e3543a080a2c8",
                "sha256:42ab8b9e7dc1ebe248e55f54eea5307b6ab15011a7883367af48dd781d1312e4",
                "sha256:441cab2166607c82e6d7a8683779cb89ba0f475b983c7e4ab88f3668e268c143",
                "sha256:4bd0e3278126bc882d10414436e58fa3f1eca0aa88b534fcbf80ed47e854f46c",
                "sha256:4df25a28bd22c990b22129d3c637fd5c3be4b7c94f975dca909d8bab3309b694",
                "sha256:5cd7a30970c29d9768a7164f564d1fbf2842bfc77b7d114a99bc32703ce0bf48",
                "sha256:6e4497e5142f325a5423ff5fda2fff5b5d953da028637ff7c704378c8c284ea7",
                "sha256:6faf86ef7717891195ae0537e48da7524d30bc3b828b30c9b115d04ea42f076f",
                "sha256:954ff69d2d1bf666b794c1d7216e0a746c9d9289096a64ab3355a17c7c59db54",
                "sha256:9b878c671655864af59c108c20e4da1e796154bd78c0ed6bb02bc41c84625686",
                "sha256:b901b423c91281a974f6cd1c36f5c6c523e665b5a6d5e80fcb2334e14670eefd",
                "sha256:c8b3cbc636a87a89b770c6afc999baa6bcbb01691b5ccbbc1b1791c7c0a07540",
                "sha256:e096b062d2efdea57f972d232358cb068413dc54eec4f24158bcbb5cb8bddfd8"
            ],
            "index": "pypi",
            "version": "==1.10.0"
        }
    },
    "develop": {
        "autopep8": {
            "hashes": [
                "sha256:d21d3901cb0da6ebd1e83fc9b0dfbde8b46afc2ede4fe32fbda0c7c6118ca094"
            ],
            "index": "pypi",
            "version": "==1.5.4"
        },
        "pycodestyle": {
            "hashes": [
                "sha256:347187bdb476329d98f695c213d7295a846d1152ff4fe9bacb8a9590b8ee7053",
                "sha256:8a4eaf0d0495c7395bdab3589ac2db602797d76207242c17d470186815706610"
            ],
            "markers": "python_version >= '3.6'",
            "version": "==2.10.0"
        },
        "toml": {
            "hashes": [
                "sha256:806143ae5bfb6a3c6e736a764057db0e6a0e05e338b5630894a5f779cabb4f9b",
                "sha256:b3bda1d108d5dd99f4a20d24d9c348e91c4db7ab1b749200bded2f839ccbe68f"
            ],
            "markers": "python_version >= '2.6' and python_version not in '3.0, 3.1, 3.2, 3.3'",
            "version": "==0.10.2"
        }
    }
}
